
Microsoft Visual Studio Solution File, Format Version 12.00
# Visual Studio Version 16
VisualStudioVersion = 16.0.32228.343
MinimumVisualStudioVersion = 10.0.40219.1
Project("{9A19103F-16F7-4668-BE54-9A1E7A4F7556}") = "VerifyApi", "VerifyApi\VerifyApi.csproj", "{81134952-77A2-408E-971F-C71D7F860085}"
EndProject
Global
	GlobalSection(SolutionConfigurationPlatforms) = preSolution
		Debug|Any CPU = Debug|Any CPU
		Release|Any CPU = Release|Any CPU
	EndGlobalSection
	GlobalSection(ProjectConfigurationPlatforms) = postSolution
		{81134952-77A2-408E-971F-C71D7F860085}.Debug|Any CPU.ActiveCfg = Debug|Any CPU
		{81134952-77A2-408E-971F-C71D7F860085}.Debug|Any CPU.Build.0 = Debug|Any CPU
		{81134952-77A2-408E-971F-C71D7F860085}.Release|Any CPU.ActiveCfg = Release|Any CPU
		{81134952-77A2-408E-971F-C71D7F860085}.Release|Any CPU.Build.0 = Release|Any CPU
	EndGlobalSection
	GlobalSection(SolutionProperties) = preSolution
		HideSolutionNode = FALSE
	EndGlobalSection
	GlobalSection(ExtensibilityGlobals) = postSolution
		SolutionGuid = {AB96B3C6-450F-4E2D-8C2B-A0AE6EF308F7}
	EndGlobalSection
EndGlobal
